// !$*UTF8*$!
{
	archiveVersion = 1;
	classes = {
	};
	objectVersion = 50;
	objects = {

/* Begin PBXBuildFile section */
		5B7B9EC2238F6A5B00F2D62B /* ExampleCustomHeaderCollectionViewCell.swift in Sources */ = {isa = PBXBuildFile; fileRef = 5B7B9EC0238F6A5B00F2D62B /* ExampleCustomHeaderCollectionViewCell.swift */; };
		5B7B9EC3238F6A5B00F2D62B /* ExampleCustomHeaderCollectionViewCell.xib in Resources */ = {isa = PBXBuildFile; fileRef = 5B7B9EC1238F6A5B00F2D62B /* ExampleCustomHeaderCollectionViewCell.xib */; };
		5B7B9EC6238F87CF00F2D62B /* ExampleUIStackViewController.swift in Sources */ = {isa = PBXBuildFile; fileRef = 5B7B9EC5238F87CF00F2D62B /* ExampleUIStackViewController.swift */; };
		5B7B9ECB2390AEC200F2D62B /* CombineViewController.swift in Sources */ = {isa = PBXBuildFile; fileRef = 5B7B9ECA2390AEC200F2D62B /* CombineViewController.swift */; };
		5B84E89E2390C487003AA939 /* Item.swift in Sources */ = {isa = PBXBuildFile; fileRef = 5B84E89D2390C487003AA939 /* Item.swift */; };
		E8582D32238415F3006D2406 /* AppDelegate.swift in Sources */ = {isa = PBXBuildFile; fileRef = E8582D31238415F3006D2406 /* AppDelegate.swift */; };
		E8582D34238415F3006D2406 /* SceneDelegate.swift in Sources */ = {isa = PBXBuildFile; fileRef = E8582D33238415F3006D2406 /* SceneDelegate.swift */; };
		E8582D36238415F3006D2406 /* ViewController.swift in Sources */ = {isa = PBXBuildFile; fileRef = E8582D35238415F3006D2406 /* ViewController.swift */; };
		E8582D39238415F3006D2406 /* Main.storyboard in Resources */ = {isa = PBXBuildFile; fileRef = E8582D37238415F3006D2406 /* Main.storyboard */; };
		E8582D3B238415F4006D2406 /* Assets.xcassets in Resources */ = {isa = PBXBuildFile; fileRef = E8582D3A238415F4006D2406 /* Assets.xcassets */; };
		E8582D3E238415F4006D2406 /* LaunchScreen.storyboard in Resources */ = {isa = PBXBuildFile; fileRef = E8582D3C238415F4006D2406 /* LaunchScreen.storyboard */; };
		E8582D582384181F006D2406 /* CounterViewController.swift in Sources */ = {isa = PBXBuildFile; fileRef = E8582D562384181F006D2406 /* CounterViewController.swift */; };
		E8582D6C23855864006D2406 /* CounterMvvmViewController.swift in Sources */ = {isa = PBXBuildFile; fileRef = E8582D6B23855864006D2406 /* CounterMvvmViewController.swift */; };
		E8582D6F23855E04006D2406 /* RxRelay.framework in Frameworks */ = {isa = PBXBuildFile; fileRef = E8582D6E23855E04006D2406 /* RxRelay.framework */; };
		E8582D7023855E04006D2406 /* RxRelay.framework in Embed Frameworks */ = {isa = PBXBuildFile; fileRef = E8582D6E23855E04006D2406 /* RxRelay.framework */; settings = {ATTRIBUTES = (CodeSignOnCopy, RemoveHeadersOnCopy, ); }; };
		E8582D7323855E1C006D2406 /* RxSwift.framework in Frameworks */ = {isa = PBXBuildFile; fileRef = E8582D7223855E1C006D2406 /* RxSwift.framework */; };
		E8582D7423855E1C006D2406 /* RxSwift.framework in Embed Frameworks */ = {isa = PBXBuildFile; fileRef = E8582D7223855E1C006D2406 /* RxSwift.framework */; settings = {ATTRIBUTES = (CodeSignOnCopy, RemoveHeadersOnCopy, ); }; };
		E8582D7623855E29006D2406 /* RxCocoa.framework in Frameworks */ = {isa = PBXBuildFile; fileRef = E8582D7523855E29006D2406 /* RxCocoa.framework */; };
		E8582D7723855E29006D2406 /* RxCocoa.framework in Embed Frameworks */ = {isa = PBXBuildFile; fileRef = E8582D7523855E29006D2406 /* RxCocoa.framework */; settings = {ATTRIBUTES = (CodeSignOnCopy, RemoveHeadersOnCopy, ); }; };
		E8582D7A23855EC8006D2406 /* CounterViewModel.swift in Sources */ = {isa = PBXBuildFile; fileRef = E8582D7923855EC8006D2406 /* CounterViewModel.swift */; };
		E8582D7E23880519006D2406 /* UITableViewController.swift in Sources */ = {isa = PBXBuildFile; fileRef = E8582D7D23880519006D2406 /* UITableViewController.swift */; };
		E8582D802388052A006D2406 /* UiTableViewModel.swift in Sources */ = {isa = PBXBuildFile; fileRef = E8582D7F2388052A006D2406 /* UiTableViewModel.swift */; };
		E8582D83238811A8006D2406 /* ExampleUITableViewCell.swift in Sources */ = {isa = PBXBuildFile; fileRef = E8582D81238811A8006D2406 /* ExampleUITableViewCell.swift */; };
		E8582D84238811A8006D2406 /* ExampleUITableViewCell.xib in Resources */ = {isa = PBXBuildFile; fileRef = E8582D82238811A8006D2406 /* ExampleUITableViewCell.xib */; };
		E8582D8B23893696006D2406 /* GithubClientViewController.swift in Sources */ = {isa = PBXBuildFile; fileRef = E8582D8A23893696006D2406 /* GithubClientViewController.swift */; };
		E8582D8D23893713006D2406 /* GithubClientViewModel.swift in Sources */ = {isa = PBXBuildFile; fileRef = E8582D8C23893713006D2406 /* GithubClientViewModel.swift */; };
		E8582D8F23893783006D2406 /* RepoRepository.swift in Sources */ = {isa = PBXBuildFile; fileRef = E8582D8E23893783006D2406 /* RepoRepository.swift */; };
		E8582D912389554F006D2406 /* GithubApi.swift in Sources */ = {isa = PBXBuildFile; fileRef = E8582D902389554F006D2406 /* GithubApi.swift */; };
		E8582D932389555B006D2406 /* Repo.swift in Sources */ = {isa = PBXBuildFile; fileRef = E8582D922389555B006D2406 /* Repo.swift */; };
		E8582D952389558E006D2406 /* APIKit.framework in Embed Frameworks */ = {isa = PBXBuildFile; fileRef = E8582D942389558E006D2406 /* APIKit.framework */; settings = {ATTRIBUTES = (CodeSignOnCopy, RemoveHeadersOnCopy, ); }; };
		E8582D97238955EF006D2406 /* SearchRepo.swift in Sources */ = {isa = PBXBuildFile; fileRef = E8582D96238955EF006D2406 /* SearchRepo.swift */; };
		E8582D992389561D006D2406 /* Owner.swift in Sources */ = {isa = PBXBuildFile; fileRef = E8582D982389561D006D2406 /* Owner.swift */; };
		E8582D9C23895994006D2406 /* DecodableDataParser.swift in Sources */ = {isa = PBXBuildFile; fileRef = E8582D9B23895994006D2406 /* DecodableDataParser.swift */; };
		E8582D9E23895C08006D2406 /* GithubRequest.swift in Sources */ = {isa = PBXBuildFile; fileRef = E8582D9D23895C08006D2406 /* GithubRequest.swift */; };
		E8582DA123895D37006D2406 /* SearchRepoRequest.swift in Sources */ = {isa = PBXBuildFile; fileRef = E8582DA023895D37006D2406 /* SearchRepoRequest.swift */; };
		E8582DA723896548006D2406 /* GithubClientDependency.swift in Sources */ = {isa = PBXBuildFile; fileRef = E8582DA623896548006D2406 /* GithubClientDependency.swift */; };
		E8582DAE23896C15006D2406 /* RepoTableViewCell.swift in Sources */ = {isa = PBXBuildFile; fileRef = E8582DAC23896C15006D2406 /* RepoTableViewCell.swift */; };
		E8582DAF23896C15006D2406 /* RepoTableViewCell.xib in Resources */ = {isa = PBXBuildFile; fileRef = E8582DAD23896C15006D2406 /* RepoTableViewCell.xib */; };
		E8582DB3238A1E42006D2406 /* Api.swift in Sources */ = {isa = PBXBuildFile; fileRef = E8582DB2238A1E42006D2406 /* Api.swift */; };
		E8582DB7238A3A11006D2406 /* RepoRepositoryImplSpec.swift in Sources */ = {isa = PBXBuildFile; fileRef = E8582DB6238A3A11006D2406 /* RepoRepositoryImplSpec.swift */; };
		E8582DB9238A3A8B006D2406 /* ApiMock.swift in Sources */ = {isa = PBXBuildFile; fileRef = E8582DB8238A3A8B006D2406 /* ApiMock.swift */; };
		E8582DBA238A446A006D2406 /* APIKit.framework in Frameworks */ = {isa = PBXBuildFile; fileRef = E8582D942389558E006D2406 /* APIKit.framework */; };
		E8582DBB238A4476006D2406 /* RxCocoa.framework in Frameworks */ = {isa = PBXBuildFile; fileRef = E8582D7523855E29006D2406 /* RxCocoa.framework */; };
		E8582DBD238A4484006D2406 /* RxTest.framework in Frameworks */ = {isa = PBXBuildFile; fileRef = E8582DBC238A4484006D2406 /* RxTest.framework */; };
		E8582DBF238A448F006D2406 /* RxBlocking.framework in Frameworks */ = {isa = PBXBuildFile; fileRef = E8582DBE238A448F006D2406 /* RxBlocking.framework */; };
		E8582DC0238A449C006D2406 /* RxRelay.framework in Frameworks */ = {isa = PBXBuildFile; fileRef = E8582D6E23855E04006D2406 /* RxRelay.framework */; };
		E8582DC2238A46EF006D2406 /* RxSwift.framework in Frameworks */ = {isa = PBXBuildFile; fileRef = E8582D7223855E1C006D2406 /* RxSwift.framework */; };
		E8582DC4238A4774006D2406 /* RepoRepositoryImplTests.swift in Sources */ = {isa = PBXBuildFile; fileRef = E8582DC3238A4774006D2406 /* RepoRepositoryImplTests.swift */; };
		E8582DCA238A9458006D2406 /* Module1ViewController.swift in Sources */ = {isa = PBXBuildFile; fileRef = E8582DC8238A9458006D2406 /* Module1ViewController.swift */; };
		E8582DCB238A9458006D2406 /* Module1ViewController.xib in Resources */ = {isa = PBXBuildFile; fileRef = E8582DC9238A9458006D2406 /* Module1ViewController.xib */; };
		E8582DCD238A946B006D2406 /* Module1Presenter.swift in Sources */ = {isa = PBXBuildFile; fileRef = E8582DCC238A946B006D2406 /* Module1Presenter.swift */; };
		E8582DD2238A94DF006D2406 /* Module1Router.swift in Sources */ = {isa = PBXBuildFile; fileRef = E8582DD1238A94DF006D2406 /* Module1Router.swift */; };
		E8582DD5238AA221006D2406 /* Module2ViewController.swift in Sources */ = {isa = PBXBuildFile; fileRef = E8582DD3238AA221006D2406 /* Module2ViewController.swift */; };
		E8582DD6238AA221006D2406 /* Module2ViewController.xib in Resources */ = {isa = PBXBuildFile; fileRef = E8582DD4238AA221006D2406 /* Module2ViewController.xib */; };
		E8582DD8238AA22A006D2406 /* Module2Router.swift in Sources */ = {isa = PBXBuildFile; fileRef = E8582DD7238AA22A006D2406 /* Module2Router.swift */; };
		E8582DDA238AA234006D2406 /* Module2Presenter.swift in Sources */ = {isa = PBXBuildFile; fileRef = E8582DD9238AA234006D2406 /* Module2Presenter.swift */; };
		E8E8E4F5238C0C4100B93906 /* ExampleUICollectionViewController.swift in Sources */ = {isa = PBXBuildFile; fileRef = E8E8E4F4238C0C4100B93906 /* ExampleUICollectionViewController.swift */; };
		E8E8E4F8238E911800B93906 /* ExampleCustomCellUICollectionViewController.swift in Sources */ = {isa = PBXBuildFile; fileRef = E8E8E4F7238E911800B93906 /* ExampleCustomCellUICollectionViewController.swift */; };
		E8E8E4FB238E914D00B93906 /* ExampleCustomCollectionViewCell.swift in Sources */ = {isa = PBXBuildFile; fileRef = E8E8E4F9238E914D00B93906 /* ExampleCustomCollectionViewCell.swift */; };
		E8E8E4FC238E914D00B93906 /* ExampleCustomCollectionViewCell.xib in Resources */ = {isa = PBXBuildFile; fileRef = E8E8E4FA238E914D00B93906 /* ExampleCustomCollectionViewCell.xib */; };
/* End PBXBuildFile section */

/* Begin PBXContainerItemProxy section */
		E8582D45238415F4006D2406 /* PBXContainerItemProxy */ = {
			isa = PBXContainerItemProxy;
			containerPortal = E8582D26238415F3006D2406 /* Project object */;
			proxyType = 1;
			remoteGlobalIDString = E8582D2D238415F3006D2406;
			remoteInfo = "learning-ios";
		};
/* End PBXContainerItemProxy section */

/* Begin PBXCopyFilesBuildPhase section */
		E8582D7123855E04006D2406 /* Embed Frameworks */ = {
			isa = PBXCopyFilesBuildPhase;
			buildActionMask = 2147483647;
			dstPath = "";
			dstSubfolderSpec = 10;
			files = (
				E8582D952389558E006D2406 /* APIKit.framework in Embed Frameworks */,
				E8582D7723855E29006D2406 /* RxCocoa.framework in Embed Frameworks */,
				E8582D7423855E1C006D2406 /* RxSwift.framework in Embed Frameworks */,
				E8582D7023855E04006D2406 /* RxRelay.framework in Embed Frameworks */,
			);
			name = "Embed Frameworks";
			runOnlyForDeploymentPostprocessing = 0;
		};
/* End PBXCopyFilesBuildPhase section */

/* Begin PBXFileReference section */
		5B7B9EC0238F6A5B00F2D62B /* ExampleCustomHeaderCollectionViewCell.swift */ = {isa = PBXFileReference; lastKnownFileType = sourcecode.swift; path = ExampleCustomHeaderCollectionViewCell.swift; sourceTree = "<group>"; };
		5B7B9EC1238F6A5B00F2D62B /* ExampleCustomHeaderCollectionViewCell.xib */ = {isa = PBXFileReference; lastKnownFileType = file.xib; path = ExampleCustomHeaderCollectionViewCell.xib; sourceTree = "<group>"; };
		5B7B9EC5238F87CF00F2D62B /* ExampleUIStackViewController.swift */ = {isa = PBXFileReference; lastKnownFileType = sourcecode.swift; path = ExampleUIStackViewController.swift; sourceTree = "<group>"; };
		5B7B9ECA2390AEC200F2D62B /* CombineViewController.swift */ = {isa = PBXFileReference; lastKnownFileType = sourcecode.swift; path = CombineViewController.swift; sourceTree = "<group>"; };
		5B84E89D2390C487003AA939 /* Item.swift */ = {isa = PBXFileReference; lastKnownFileType = sourcecode.swift; path = Item.swift; sourceTree = "<group>"; };
		E8582D2E238415F3006D2406 /* learning-ios.app */ = {isa = PBXFileReference; explicitFileType = wrapper.application; includeInIndex = 0; path = "learning-ios.app"; sourceTree = BUILT_PRODUCTS_DIR; };
		E8582D31238415F3006D2406 /* AppDelegate.swift */ = {isa = PBXFileReference; lastKnownFileType = sourcecode.swift; path = AppDelegate.swift; sourceTree = "<group>"; };
		E8582D33238415F3006D2406 /* SceneDelegate.swift */ = {isa = PBXFileReference; lastKnownFileType = sourcecode.swift; path = SceneDelegate.swift; sourceTree = "<group>"; };
		E8582D35238415F3006D2406 /* ViewController.swift */ = {isa = PBXFileReference; lastKnownFileType = sourcecode.swift; path = ViewController.swift; sourceTree = "<group>"; };
		E8582D38238415F3006D2406 /* Base */ = {isa = PBXFileReference; lastKnownFileType = file.storyboard; name = Base; path = Base.lproj/Main.storyboard; sourceTree = "<group>"; };
		E8582D3A238415F4006D2406 /* Assets.xcassets */ = {isa = PBXFileReference; lastKnownFileType = folder.assetcatalog; path = Assets.xcassets; sourceTree = "<group>"; };
		E8582D3D238415F4006D2406 /* Base */ = {isa = PBXFileReference; lastKnownFileType = file.storyboard; name = Base; path = Base.lproj/LaunchScreen.storyboard; sourceTree = "<group>"; };
		E8582D3F238415F4006D2406 /* Info.plist */ = {isa = PBXFileReference; lastKnownFileType = text.plist.xml; path = Info.plist; sourceTree = "<group>"; };
		E8582D44238415F4006D2406 /* learning-iosTests.xctest */ = {isa = PBXFileReference; explicitFileType = wrapper.cfbundle; includeInIndex = 0; path = "learning-iosTests.xctest"; sourceTree = BUILT_PRODUCTS_DIR; };
		E8582D4A238415F4006D2406 /* Info.plist */ = {isa = PBXFileReference; lastKnownFileType = text.plist.xml; path = Info.plist; sourceTree = "<group>"; };
		E8582D562384181F006D2406 /* CounterViewController.swift */ = {isa = PBXFileReference; lastKnownFileType = sourcecode.swift; name = CounterViewController.swift; path = ../CounterViewController.swift; sourceTree = "<group>"; };
		E8582D6B23855864006D2406 /* CounterMvvmViewController.swift */ = {isa = PBXFileReference; lastKnownFileType = sourcecode.swift; path = CounterMvvmViewController.swift; sourceTree = "<group>"; };
		E8582D6E23855E04006D2406 /* RxRelay.framework */ = {isa = PBXFileReference; lastKnownFileType = wrapper.framework; name = RxRelay.framework; path = Carthage/Build/iOS/RxRelay.framework; sourceTree = "<group>"; };
		E8582D7223855E1C006D2406 /* RxSwift.framework */ = {isa = PBXFileReference; lastKnownFileType = wrapper.framework; name = RxSwift.framework; path = Carthage/Build/iOS/RxSwift.framework; sourceTree = "<group>"; };
		E8582D7523855E29006D2406 /* RxCocoa.framework */ = {isa = PBXFileReference; lastKnownFileType = wrapper.framework; name = RxCocoa.framework; path = Carthage/Build/iOS/RxCocoa.framework; sourceTree = "<group>"; };
		E8582D7923855EC8006D2406 /* CounterViewModel.swift */ = {isa = PBXFileReference; lastKnownFileType = sourcecode.swift; path = CounterViewModel.swift; sourceTree = "<group>"; };
		E8582D7D23880519006D2406 /* UITableViewController.swift */ = {isa = PBXFileReference; lastKnownFileType = sourcecode.swift; path = UITableViewController.swift; sourceTree = "<group>"; };
		E8582D7F2388052A006D2406 /* UiTableViewModel.swift */ = {isa = PBXFileReference; lastKnownFileType = sourcecode.swift; path = UiTableViewModel.swift; sourceTree = "<group>"; };
		E8582D81238811A8006D2406 /* ExampleUITableViewCell.swift */ = {isa = PBXFileReference; lastKnownFileType = sourcecode.swift; path = ExampleUITableViewCell.swift; sourceTree = "<group>"; };
		E8582D82238811A8006D2406 /* ExampleUITableViewCell.xib */ = {isa = PBXFileReference; lastKnownFileType = file.xib; path = ExampleUITableViewCell.xib; sourceTree = "<group>"; };
		E8582D8A23893696006D2406 /* GithubClientViewController.swift */ = {isa = PBXFileReference; lastKnownFileType = sourcecode.swift; path = GithubClientViewController.swift; sourceTree = "<group>"; };
		E8582D8C23893713006D2406 /* GithubClientViewModel.swift */ = {isa = PBXFileReference; lastKnownFileType = sourcecode.swift; path = GithubClientViewModel.swift; sourceTree = "<group>"; };
		E8582D8E23893783006D2406 /* RepoRepository.swift */ = {isa = PBXFileReference; lastKnownFileType = sourcecode.swift; path = RepoRepository.swift; sourceTree = "<group>"; };
		E8582D902389554F006D2406 /* GithubApi.swift */ = {isa = PBXFileReference; lastKnownFileType = sourcecode.swift; path = GithubApi.swift; sourceTree = "<group>"; };
		E8582D922389555B006D2406 /* Repo.swift */ = {isa = PBXFileReference; lastKnownFileType = sourcecode.swift; path = Repo.swift; sourceTree = "<group>"; };
		E8582D942389558E006D2406 /* APIKit.framework */ = {isa = PBXFileReference; lastKnownFileType = wrapper.framework; name = APIKit.framework; path = Carthage/Build/iOS/APIKit.framework; sourceTree = "<group>"; };
		E8582D96238955EF006D2406 /* SearchRepo.swift */ = {isa = PBXFileReference; lastKnownFileType = sourcecode.swift; path = SearchRepo.swift; sourceTree = "<group>"; };
		E8582D982389561D006D2406 /* Owner.swift */ = {isa = PBXFileReference; lastKnownFileType = sourcecode.swift; path = Owner.swift; sourceTree = "<group>"; };
		E8582D9B23895994006D2406 /* DecodableDataParser.swift */ = {isa = PBXFileReference; lastKnownFileType = sourcecode.swift; path = DecodableDataParser.swift; sourceTree = "<group>"; };
		E8582D9D23895C08006D2406 /* GithubRequest.swift */ = {isa = PBXFileReference; lastKnownFileType = sourcecode.swift; path = GithubRequest.swift; sourceTree = "<group>"; };
		E8582DA023895D37006D2406 /* SearchRepoRequest.swift */ = {isa = PBXFileReference; lastKnownFileType = sourcecode.swift; path = SearchRepoRequest.swift; sourceTree = "<group>"; };
		E8582DA623896548006D2406 /* GithubClientDependency.swift */ = {isa = PBXFileReference; lastKnownFileType = sourcecode.swift; path = GithubClientDependency.swift; sourceTree = "<group>"; };
		E8582DAC23896C15006D2406 /* RepoTableViewCell.swift */ = {isa = PBXFileReference; lastKnownFileType = sourcecode.swift; path = RepoTableViewCell.swift; sourceTree = "<group>"; };
		E8582DAD23896C15006D2406 /* RepoTableViewCell.xib */ = {isa = PBXFileReference; lastKnownFileType = file.xib; path = RepoTableViewCell.xib; sourceTree = "<group>"; };
		E8582DB2238A1E42006D2406 /* Api.swift */ = {isa = PBXFileReference; lastKnownFileType = sourcecode.swift; path = Api.swift; sourceTree = "<group>"; };
		E8582DB6238A3A11006D2406 /* RepoRepositoryImplSpec.swift */ = {isa = PBXFileReference; lastKnownFileType = sourcecode.swift; path = RepoRepositoryImplSpec.swift; sourceTree = "<group>"; };
		E8582DB8238A3A8B006D2406 /* ApiMock.swift */ = {isa = PBXFileReference; lastKnownFileType = sourcecode.swift; path = ApiMock.swift; sourceTree = "<group>"; };
		E8582DBC238A4484006D2406 /* RxTest.framework */ = {isa = PBXFileReference; lastKnownFileType = wrapper.framework; name = RxTest.framework; path = Carthage/Build/iOS/RxTest.framework; sourceTree = "<group>"; };
		E8582DBE238A448F006D2406 /* RxBlocking.framework */ = {isa = PBXFileReference; lastKnownFileType = wrapper.framework; name = RxBlocking.framework; path = Carthage/Build/iOS/RxBlocking.framework; sourceTree = "<group>"; };
		E8582DC3238A4774006D2406 /* RepoRepositoryImplTests.swift */ = {isa = PBXFileReference; lastKnownFileType = sourcecode.swift; path = RepoRepositoryImplTests.swift; sourceTree = "<group>"; };
		E8582DC8238A9458006D2406 /* Module1ViewController.swift */ = {isa = PBXFileReference; lastKnownFileType = sourcecode.swift; path = Module1ViewController.swift; sourceTree = "<group>"; };
		E8582DC9238A9458006D2406 /* Module1ViewController.xib */ = {isa = PBXFileReference; lastKnownFileType = file.xib; path = Module1ViewController.xib; sourceTree = "<group>"; };
		E8582DCC238A946B006D2406 /* Module1Presenter.swift */ = {isa = PBXFileReference; lastKnownFileType = sourcecode.swift; path = Module1Presenter.swift; sourceTree = "<group>"; };
		E8582DD1238A94DF006D2406 /* Module1Router.swift */ = {isa = PBXFileReference; lastKnownFileType = sourcecode.swift; path = Module1Router.swift; sourceTree = "<group>"; };
		E8582DD3238AA221006D2406 /* Module2ViewController.swift */ = {isa = PBXFileReference; lastKnownFileType = sourcecode.swift; path = Module2ViewController.swift; sourceTree = "<group>"; };
		E8582DD4238AA221006D2406 /* Module2ViewController.xib */ = {isa = PBXFileReference; lastKnownFileType = file.xib; path = Module2ViewController.xib; sourceTree = "<group>"; };
		E8582DD7238AA22A006D2406 /* Module2Router.swift */ = {isa = PBXFileReference; lastKnownFileType = sourcecode.swift; path = Module2Router.swift; sourceTree = "<group>"; };
		E8582DD9238AA234006D2406 /* Module2Presenter.swift */ = {isa = PBXFileReference; lastKnownFileType = sourcecode.swift; path = Module2Presenter.swift; sourceTree = "<group>"; };
		E8E8E4F4238C0C4100B93906 /* ExampleUICollectionViewController.swift */ = {isa = PBXFileReference; lastKnownFileType = sourcecode.swift; path = ExampleUICollectionViewController.swift; sourceTree = "<group>"; };
		E8E8E4F7238E911800B93906 /* ExampleCustomCellUICollectionViewController.swift */ = {isa = PBXFileReference; lastKnownFileType = sourcecode.swift; path = ExampleCustomCellUICollectionViewController.swift; sourceTree = "<group>"; };
		E8E8E4F9238E914D00B93906 /* ExampleCustomCollectionViewCell.swift */ = {isa = PBXFileReference; lastKnownFileType = sourcecode.swift; path = ExampleCustomCollectionViewCell.swift; sourceTree = "<group>"; };
		E8E8E4FA238E914D00B93906 /* ExampleCustomCollectionViewCell.xib */ = {isa = PBXFileReference; lastKnownFileType = file.xib; path = ExampleCustomCollectionViewCell.xib; sourceTree = "<group>"; };
/* End PBXFileReference section */

/* Begin PBXFrameworksBuildPhase section */
		E8582D2B238415F3006D2406 /* Frameworks */ = {
			isa = PBXFrameworksBuildPhase;
			buildActionMask = 2147483647;
			files = (
				E8582D7623855E29006D2406 /* RxCocoa.framework in Frameworks */,
				E8582D7323855E1C006D2406 /* RxSwift.framework in Frameworks */,
				E8582D6F23855E04006D2406 /* RxRelay.framework in Frameworks */,
			);
			runOnlyForDeploymentPostprocessing = 0;
		};
		E8582D41238415F4006D2406 /* Frameworks */ = {
			isa = PBXFrameworksBuildPhase;
			buildActionMask = 2147483647;
			files = (
				E8582DC2238A46EF006D2406 /* RxSwift.framework in Frameworks */,
				E8582DC0238A449C006D2406 /* RxRelay.framework in Frameworks */,
				E8582DBF238A448F006D2406 /* RxBlocking.framework in Frameworks */,
				E8582DBD238A4484006D2406 /* RxTest.framework in Frameworks */,
				E8582DBB238A4476006D2406 /* RxCocoa.framework in Frameworks */,
				E8582DBA238A446A006D2406 /* APIKit.framework in Frameworks */,
			);
			runOnlyForDeploymentPostprocessing = 0;
		};
/* End PBXFrameworksBuildPhase section */

/* Begin PBXGroup section */
		5B7B9EC4238F87AD00F2D62B /* uistackview */ = {
			isa = PBXGroup;
			children = (
				5B7B9EC5238F87CF00F2D62B /* ExampleUIStackViewController.swift */,
			);
			path = uistackview;
			sourceTree = "<group>";
		};
		5B7B9EC92390AEB000F2D62B /* combine */ = {
			isa = PBXGroup;
			children = (
				5B7B9ECA2390AEC200F2D62B /* CombineViewController.swift */,
				5B84E89D2390C487003AA939 /* Item.swift */,
			);
			path = combine;
			sourceTree = "<group>";
		};
		E8582D25238415F3006D2406 = {
			isa = PBXGroup;
			children = (
				E8582D942389558E006D2406 /* APIKit.framework */,
				E8582D30238415F3006D2406 /* learning-ios */,
				E8582D47238415F4006D2406 /* learning-iosTests */,
				E8582D2F238415F3006D2406 /* Products */,
				E8582D6D23855E03006D2406 /* Frameworks */,
			);
			sourceTree = "<group>";
		};
		E8582D2F238415F3006D2406 /* Products */ = {
			isa = PBXGroup;
			children = (
				E8582D2E238415F3006D2406 /* learning-ios.app */,
				E8582D44238415F4006D2406 /* learning-iosTests.xctest */,
			);
			name = Products;
			sourceTree = "<group>";
		};
		E8582D30238415F3006D2406 /* learning-ios */ = {
			isa = PBXGroup;
			children = (
				5B7B9EC92390AEB000F2D62B /* combine */,
				5B7B9EC4238F87AD00F2D62B /* uistackview */,
				E8E8E4F3238C0C1A00B93906 /* uicollectionview */,
				E8582DC5238A8E44006D2406 /* viper */,
				E8582D8923893675006D2406 /* github-client */,
				E8582D7B238804F2006D2406 /* view */,
				E8582D6A23855849006D2406 /* counter-mvvm */,
				E8582D53238416DC006D2406 /* counter */,
				E8582D31238415F3006D2406 /* AppDelegate.swift */,
				E8582D33238415F3006D2406 /* SceneDelegate.swift */,
				E8582D35238415F3006D2406 /* ViewController.swift */,
				E8582D37238415F3006D2406 /* Main.storyboard */,
				E8582D3A238415F4006D2406 /* Assets.xcassets */,
				E8582D3C238415F4006D2406 /* LaunchScreen.storyboard */,
				E8582D3F238415F4006D2406 /* Info.plist */,
			);
			path = "learning-ios";
			sourceTree = "<group>";
		};
		E8582D47238415F4006D2406 /* learning-iosTests */ = {
			isa = PBXGroup;
			children = (
				E8582DB4238A39F0006D2406 /* github-client */,
				E8582D4A238415F4006D2406 /* Info.plist */,
			);
			path = "learning-iosTests";
			sourceTree = "<group>";
		};
		E8582D53238416DC006D2406 /* counter */ = {
			isa = PBXGroup;
			children = (
				E8582D562384181F006D2406 /* CounterViewController.swift */,
			);
			path = counter;
			sourceTree = "<group>";
		};
		E8582D6A23855849006D2406 /* counter-mvvm */ = {
			isa = PBXGroup;
			children = (
				E8582D6B23855864006D2406 /* CounterMvvmViewController.swift */,
				E8582D7923855EC8006D2406 /* CounterViewModel.swift */,
			);
			path = "counter-mvvm";
			sourceTree = "<group>";
		};
		E8582D6D23855E03006D2406 /* Frameworks */ = {
			isa = PBXGroup;
			children = (
				E8582DBE238A448F006D2406 /* RxBlocking.framework */,
				E8582DBC238A4484006D2406 /* RxTest.framework */,
				E8582D7523855E29006D2406 /* RxCocoa.framework */,
				E8582D7223855E1C006D2406 /* RxSwift.framework */,
				E8582D6E23855E04006D2406 /* RxRelay.framework */,
			);
			name = Frameworks;
			sourceTree = "<group>";
		};
		E8582D7B238804F2006D2406 /* view */ = {
			isa = PBXGroup;
			children = (
				E8582D7C238804FF006D2406 /* uitableview */,
			);
			path = view;
			sourceTree = "<group>";
		};
		E8582D7C238804FF006D2406 /* uitableview */ = {
			isa = PBXGroup;
			children = (
				E8582D7D23880519006D2406 /* UITableViewController.swift */,
				E8582D7F2388052A006D2406 /* UiTableViewModel.swift */,
				E8582D81238811A8006D2406 /* ExampleUITableViewCell.swift */,
				E8582D82238811A8006D2406 /* ExampleUITableViewCell.xib */,
			);
			path = uitableview;
			sourceTree = "<group>";
		};
		E8582D8923893675006D2406 /* github-client */ = {
			isa = PBXGroup;
			children = (
				E8582D9A2389574D006D2406 /* api */,
				E8582D8A23893696006D2406 /* GithubClientViewController.swift */,
				E8582D8C23893713006D2406 /* GithubClientViewModel.swift */,
				E8582D8E23893783006D2406 /* RepoRepository.swift */,
				E8582DA623896548006D2406 /* GithubClientDependency.swift */,
				E8582DAC23896C15006D2406 /* RepoTableViewCell.swift */,
				E8582DAD23896C15006D2406 /* RepoTableViewCell.xib */,
			);
			path = "github-client";
			sourceTree = "<group>";
		};
		E8582D9A2389574D006D2406 /* api */ = {
			isa = PBXGroup;
			children = (
				E8582DA52389616C006D2406 /* response */,
				E8582D9F23895D0F006D2406 /* request */,
				E8582D902389554F006D2406 /* GithubApi.swift */,
				E8582D9B23895994006D2406 /* DecodableDataParser.swift */,
				E8582D9D23895C08006D2406 /* GithubRequest.swift */,
				E8582DB2238A1E42006D2406 /* Api.swift */,
			);
			path = api;
			sourceTree = "<group>";
		};
		E8582D9F23895D0F006D2406 /* request */ = {
			isa = PBXGroup;
			children = (
				E8582DA023895D37006D2406 /* SearchRepoRequest.swift */,
			);
			path = request;
			sourceTree = "<group>";
		};
		E8582DA52389616C006D2406 /* response */ = {
			isa = PBXGroup;
			children = (
				E8582D922389555B006D2406 /* Repo.swift */,
				E8582D96238955EF006D2406 /* SearchRepo.swift */,
				E8582D982389561D006D2406 /* Owner.swift */,
			);
			path = response;
			sourceTree = "<group>";
		};
		E8582DB4238A39F0006D2406 /* github-client */ = {
			isa = PBXGroup;
			children = (
				E8582DB6238A3A11006D2406 /* RepoRepositoryImplSpec.swift */,
				E8582DB8238A3A8B006D2406 /* ApiMock.swift */,
				E8582DC3238A4774006D2406 /* RepoRepositoryImplTests.swift */,
			);
			path = "github-client";
			sourceTree = "<group>";
		};
		E8582DC5238A8E44006D2406 /* viper */ = {
			isa = PBXGroup;
			children = (
				E8582DC7238A9419006D2406 /* module2 */,
				E8582DC6238A9410006D2406 /* module1 */,
			);
			path = viper;
			sourceTree = "<group>";
		};
		E8582DC6238A9410006D2406 /* module1 */ = {
			isa = PBXGroup;
			children = (
				E8582DC8238A9458006D2406 /* Module1ViewController.swift */,
				E8582DC9238A9458006D2406 /* Module1ViewController.xib */,
				E8582DCC238A946B006D2406 /* Module1Presenter.swift */,
				E8582DD1238A94DF006D2406 /* Module1Router.swift */,
			);
			path = module1;
			sourceTree = "<group>";
		};
		E8582DC7238A9419006D2406 /* module2 */ = {
			isa = PBXGroup;
			children = (
				E8582DD3238AA221006D2406 /* Module2ViewController.swift */,
				E8582DD4238AA221006D2406 /* Module2ViewController.xib */,
				E8582DD7238AA22A006D2406 /* Module2Router.swift */,
				E8582DD9238AA234006D2406 /* Module2Presenter.swift */,
			);
			path = module2;
			sourceTree = "<group>";
		};
		E8E8E4F3238C0C1A00B93906 /* uicollectionview */ = {
			isa = PBXGroup;
			children = (
				E8E8E4F6238E90E100B93906 /* custom */,
				E8E8E4F4238C0C4100B93906 /* ExampleUICollectionViewController.swift */,
			);
			path = uicollectionview;
			sourceTree = "<group>";
		};
		E8E8E4F6238E90E100B93906 /* custom */ = {
			isa = PBXGroup;
			children = (
				E8E8E4F7238E911800B93906 /* ExampleCustomCellUICollectionViewController.swift */,
				E8E8E4F9238E914D00B93906 /* ExampleCustomCollectionViewCell.swift */,
				E8E8E4FA238E914D00B93906 /* ExampleCustomCollectionViewCell.xib */,
				5B7B9EC0238F6A5B00F2D62B /* ExampleCustomHeaderCollectionViewCell.swift */,
				5B7B9EC1238F6A5B00F2D62B /* ExampleCustomHeaderCollectionViewCell.xib */,
			);
			path = custom;
			sourceTree = "<group>";
		};
/* End PBXGroup section */

/* Begin PBXNativeTarget section */
		E8582D2D238415F3006D2406 /* learning-ios */ = {
			isa = PBXNativeTarget;
			buildConfigurationList = E8582D4D238415F4006D2406 /* Build configuration list for PBXNativeTarget "learning-ios" */;
			buildPhases = (
				E8582D2A238415F3006D2406 /* Sources */,
				E8582D2B238415F3006D2406 /* Frameworks */,
				E8582D2C238415F3006D2406 /* Resources */,
				E8582D7123855E04006D2406 /* Embed Frameworks */,
				E8582D7823855E45006D2406 /* ShellScript */,
			);
			buildRules = (
			);
			dependencies = (
			);
			name = "learning-ios";
			productName = "learning-ios";
			productReference = E8582D2E238415F3006D2406 /* learning-ios.app */;
			productType = "com.apple.product-type.application";
		};
		E8582D43238415F4006D2406 /* learning-iosTests */ = {
			isa = PBXNativeTarget;
			buildConfigurationList = E8582D50238415F4006D2406 /* Build configuration list for PBXNativeTarget "learning-iosTests" */;
			buildPhases = (
				E8582D40238415F4006D2406 /* Sources */,
				E8582D41238415F4006D2406 /* Frameworks */,
				E8582D42238415F4006D2406 /* Resources */,
				E8582DC1238A465A006D2406 /* ShellScript */,
			);
			buildRules = (
			);
			dependencies = (
				E8582D46238415F4006D2406 /* PBXTargetDependency */,
			);
			name = "learning-iosTests";
			productName = "learning-iosTests";
			productReference = E8582D44238415F4006D2406 /* learning-iosTests.xctest */;
			productType = "com.apple.product-type.bundle.unit-test";
		};
/* End PBXNativeTarget section */

/* Begin PBXProject section */
		E8582D26238415F3006D2406 /* Project object */ = {
			isa = PBXProject;
			attributes = {
				LastSwiftUpdateCheck = 1120;
				LastUpgradeCheck = 1120;
				ORGANIZATIONNAME = keijumt;
				TargetAttributes = {
					E8582D2D238415F3006D2406 = {
						CreatedOnToolsVersion = 11.2.1;
					};
					E8582D43238415F4006D2406 = {
						CreatedOnToolsVersion = 11.2.1;
						TestTargetID = E8582D2D238415F3006D2406;
					};
				};
			};
			buildConfigurationList = E8582D29238415F3006D2406 /* Build configuration list for PBXProject "learning-ios" */;
			compatibilityVersion = "Xcode 9.3";
			developmentRegion = en;
			hasScannedForEncodings = 0;
			knownRegions = (
				en,
				Base,
			);
			mainGroup = E8582D25238415F3006D2406;
			productRefGroup = E8582D2F238415F3006D2406 /* Products */;
			projectDirPath = "";
			projectRoot = "";
			targets = (
				E8582D2D238415F3006D2406 /* learning-ios */,
				E8582D43238415F4006D2406 /* learning-iosTests */,
			);
		};
/* End PBXProject section */

/* Begin PBXResourcesBuildPhase section */
		E8582D2C238415F3006D2406 /* Resources */ = {
			isa = PBXResourcesBuildPhase;
			buildActionMask = 2147483647;
			files = (
				5B7B9EC3238F6A5B00F2D62B /* ExampleCustomHeaderCollectionViewCell.xib in Resources */,
				E8582D84238811A8006D2406 /* ExampleUITableViewCell.xib in Resources */,
				E8582D3E238415F4006D2406 /* LaunchScreen.storyboard in Resources */,
				E8E8E4FC238E914D00B93906 /* ExampleCustomCollectionViewCell.xib in Resources */,
				E8582DCB238A9458006D2406 /* Module1ViewController.xib in Resources */,
				E8582D3B238415F4006D2406 /* Assets.xcassets in Resources */,
				E8582D39238415F3006D2406 /* Main.storyboard in Resources */,
				E8582DAF23896C15006D2406 /* RepoTableViewCell.xib in Resources */,
				E8582DD6238AA221006D2406 /* Module2ViewController.xib in Resources */,
			);
			runOnlyForDeploymentPostprocessing = 0;
		};
		E8582D42238415F4006D2406 /* Resources */ = {
			isa = PBXResourcesBuildPhase;
			buildActionMask = 2147483647;
			files = (
			);
			runOnlyForDeploymentPostprocessing = 0;
		};
/* End PBXResourcesBuildPhase section */

/* Begin PBXShellScriptBuildPhase section */
		E8582D7823855E45006D2406 /* ShellScript */ = {
			isa = PBXShellScriptBuildPhase;
			buildActionMask = 2147483647;
			files = (
			);
			inputFileListPaths = (
			);
			inputPaths = (
				"$(SRCROOT)/Carthage/Build/iOS/RxSwift.framework",
				"$(SRCROOT)/Carthage/Build/iOS/RxRelay.framework",
				"$(SRCROOT)/Carthage/Build/iOS/RxCocoa.framework",
				"$(SRCROOT)/Carthage/Build/iOS/APIKit.framework",
			);
			outputFileListPaths = (
			);
			outputPaths = (
			);
			runOnlyForDeploymentPostprocessing = 0;
			shellPath = /bin/sh;
			shellScript = "# Type a script or drag a script file from your workspace to insert its path.\n/usr/local/bin/carthage copy-frameworks\n";
		};
		E8582DC1238A465A006D2406 /* ShellScript */ = {
			isa = PBXShellScriptBuildPhase;
			buildActionMask = 2147483647;
			files = (
			);
			inputFileListPaths = (
			);
			inputPaths = (
				"$(SRCROOT)/Carthage/Build/iOS/RxSwift.framework",
				"$(SRCROOT)/Carthage/Build/iOS/RxRelay.framework",
				"$(SRCROOT)/Carthage/Build/iOS/RxCocoa.framework",
				"$(SRCROOT)/Carthage/Build/iOS/RxTest.framework",
				"$(SRCROOT)/Carthage/Build/iOS/RxBlocking.framework",
				"$(SRCROOT)/Carthage/Build/iOS/APIKit.framework",
			);
			outputFileListPaths = (
			);
			outputPaths = (
			);
			runOnlyForDeploymentPostprocessing = 0;
			shellPath = /bin/sh;
			shellScript = "# Type a script or drag a script file from your workspace to insert its path.\n/usr/local/bin/carthage copy-frameworks\n";
		};
/* End PBXShellScriptBuildPhase section */

/* Begin PBXSourcesBuildPhase section */
		E8582D2A238415F3006D2406 /* Sources */ = {
			isa = PBXSourcesBuildPhase;
			buildActionMask = 2147483647;
			files = (
				E8582DCD238A946B006D2406 /* Module1Presenter.swift in Sources */,
				E8582D83238811A8006D2406 /* ExampleUITableViewCell.swift in Sources */,
				E8582D9C23895994006D2406 /* DecodableDataParser.swift in Sources */,
				5B7B9EC6238F87CF00F2D62B /* ExampleUIStackViewController.swift in Sources */,
				E8582DD5238AA221006D2406 /* Module2ViewController.swift in Sources */,
				E8582D992389561D006D2406 /* Owner.swift in Sources */,
				E8582DA123895D37006D2406 /* SearchRepoRequest.swift in Sources */,
				E8582D8F23893783006D2406 /* RepoRepository.swift in Sources */,
				E8582D7E23880519006D2406 /* UITableViewController.swift in Sources */,
				E8582D8B23893696006D2406 /* GithubClientViewController.swift in Sources */,
				E8582D912389554F006D2406 /* GithubApi.swift in Sources */,
				E8582D36238415F3006D2406 /* ViewController.swift in Sources */,
				E8582D582384181F006D2406 /* CounterViewController.swift in Sources */,
				E8582DCA238A9458006D2406 /* Module1ViewController.swift in Sources */,
				E8582D97238955EF006D2406 /* SearchRepo.swift in Sources */,
				E8E8E4F8238E911800B93906 /* ExampleCustomCellUICollectionViewController.swift in Sources */,
				E8582DD8238AA22A006D2406 /* Module2Router.swift in Sources */,
				E8582DD2238A94DF006D2406 /* Module1Router.swift in Sources */,
				5B7B9ECB2390AEC200F2D62B /* CombineViewController.swift in Sources */,
				E8582D932389555B006D2406 /* Repo.swift in Sources */,
				E8582D802388052A006D2406 /* UiTableViewModel.swift in Sources */,
				E8582D9E23895C08006D2406 /* GithubRequest.swift in Sources */,
				E8582D6C23855864006D2406 /* CounterMvvmViewController.swift in Sources */,
				E8E8E4F5238C0C4100B93906 /* ExampleUICollectionViewController.swift in Sources */,
				E8582D32238415F3006D2406 /* AppDelegate.swift in Sources */,
				5B84E89E2390C487003AA939 /* Item.swift in Sources */,
				E8582DB3238A1E42006D2406 /* Api.swift in Sources */,
				E8582DA723896548006D2406 /* GithubClientDependency.swift in Sources */,
				E8582DAE23896C15006D2406 /* RepoTableViewCell.swift in Sources */,
				E8582D34238415F3006D2406 /* SceneDelegate.swift in Sources */,
				E8582D7A23855EC8006D2406 /* CounterViewModel.swift in Sources */,
				E8E8E4FB238E914D00B93906 /* ExampleCustomCollectionViewCell.swift in Sources */,
				5B7B9EC2238F6A5B00F2D62B /* ExampleCustomHeaderCollectionViewCell.swift in Sources */,
				E8582DDA238AA234006D2406 /* Module2Presenter.swift in Sources */,
				E8582D8D23893713006D2406 /* GithubClientViewModel.swift in Sources */,
			);
			runOnlyForDeploymentPostprocessing = 0;
		};
		E8582D40238415F4006D2406 /* Sources */ = {
			isa = PBXSourcesBuildPhase;
			buildActionMask = 2147483647;
			files = (
				E8582DB7238A3A11006D2406 /* RepoRepositoryImplSpec.swift in Sources */,
				E8582DB9238A3A8B006D2406 /* ApiMock.swift in Sources */,
				E8582DC4238A4774006D2406 /* RepoRepositoryImplTests.swift in Sources */,
			);
			runOnlyForDeploymentPostprocessing = 0;
		};
/* End PBXSourcesBuildPhase section */

/* Begin PBXTargetDependency section */
		E8582D46238415F4006D2406 /* PBXTargetDependency */ = {
			isa = PBXTargetDependency;
			target = E8582D2D238415F3006D2406 /* learning-ios */;
			targetProxy = E8582D45238415F4006D2406 /* PBXContainerItemProxy */;
		};
/* End PBXTargetDependency section */

/* Begin PBXVariantGroup section */
		E8582D37238415F3006D2406 /* Main.storyboard */ = {
			isa = PBXVariantGroup;
			children = (
				E8582D38238415F3006D2406 /* Base */,
			);
			name = Main.storyboard;
			sourceTree = "<group>";
		};
		E8582D3C238415F4006D2406 /* LaunchScreen.storyboard */ = {
			isa = PBXVariantGroup;
			children = (
				E8582D3D238415F4006D2406 /* Base */,
			);
			name = LaunchScreen.storyboard;
			sourceTree = "<group>";
		};
/* End PBXVariantGroup section */

/* Begin XCBuildConfiguration section */
		E8582D4B238415F4006D2406 /* Debug */ = {
			isa = XCBuildConfiguration;
			buildSettings = {
				ALWAYS_SEARCH_USER_PATHS = NO;
				CLANG_ANALYZER_NONNULL = YES;
				CLANG_ANALYZER_NUMBER_OBJECT_CONVERSION = YES_AGGRESSIVE;
				CLANG_CXX_LANGUAGE_STANDARD = "gnu++14";
				CLANG_CXX_LIBRARY = "libc++";
				CLANG_ENABLE_MODULES = YES;
				CLANG_ENABLE_OBJC_ARC = YES;
				CLANG_ENABLE_OBJC_WEAK = YES;
				CLANG_WARN_BLOCK_CAPTURE_AUTORELEASING = YES;
				CLANG_WARN_BOOL_CONVERSION = YES;
				CLANG_WARN_COMMA = YES;
				CLANG_WARN_CONSTANT_CONVERSION = YES;
				CLANG_WARN_DEPRECATED_OBJC_IMPLEMENTATIONS = YES;
				CLANG_WARN_DIRECT_OBJC_ISA_USAGE = YES_ERROR;
				CLANG_WARN_DOCUMENTATION_COMMENTS = YES;
				CLANG_WARN_EMPTY_BODY = YES;
				CLANG_WARN_ENUM_CONVERSION = YES;
				CLANG_WARN_INFINITE_RECURSION = YES;
				CLANG_WARN_INT_CONVERSION = YES;
				CLANG_WARN_NON_LITERAL_NULL_CONVERSION = YES;
				CLANG_WARN_OBJC_IMPLICIT_RETAIN_SELF = YES;
				CLANG_WARN_OBJC_LITERAL_CONVERSION = YES;
				CLANG_WARN_OBJC_ROOT_CLASS = YES_ERROR;
				CLANG_WARN_RANGE_LOOP_ANALYSIS = YES;
				CLANG_WARN_STRICT_PROTOTYPES = YES;
				CLANG_WARN_SUSPICIOUS_MOVE = YES;
				CLANG_WARN_UNGUARDED_AVAILABILITY = YES_AGGRESSIVE;
				CLANG_WARN_UNREACHABLE_CODE = YES;
				CLANG_WARN__DUPLICATE_METHOD_MATCH = YES;
				COPY_PHASE_STRIP = NO;
				DEBUG_INFORMATION_FORMAT = dwarf;
				ENABLE_STRICT_OBJC_MSGSEND = YES;
				ENABLE_TESTABILITY = YES;
				GCC_C_LANGUAGE_STANDARD = gnu11;
				GCC_DYNAMIC_NO_PIC = NO;
				GCC_NO_COMMON_BLOCKS = YES;
				GCC_OPTIMIZATION_LEVEL = 0;
				GCC_PREPROCESSOR_DEFINITIONS = (
					"DEBUG=1",
					"$(inherited)",
				);
				GCC_WARN_64_TO_32_BIT_CONVERSION = YES;
				GCC_WARN_ABOUT_RETURN_TYPE = YES_ERROR;
				GCC_WARN_UNDECLARED_SELECTOR = YES;
				GCC_WARN_UNINITIALIZED_AUTOS = YES_AGGRESSIVE;
				GCC_WARN_UNUSED_FUNCTION = YES;
				GCC_WARN_UNUSED_VARIABLE = YES;
				IPHONEOS_DEPLOYMENT_TARGET = 13.2;
				MTL_ENABLE_DEBUG_INFO = INCLUDE_SOURCE;
				MTL_FAST_MATH = YES;
				ONLY_ACTIVE_ARCH = YES;
				SDKROOT = iphoneos;
				SWIFT_ACTIVE_COMPILATION_CONDITIONS = DEBUG;
				SWIFT_OPTIMIZATION_LEVEL = "-Onone";
			};
			name = Debug;
		};
		E8582D4C238415F4006D2406 /* Release */ = {
			isa = XCBuildConfiguration;
			buildSettings = {
				ALWAYS_SEARCH_USER_PATHS = NO;
				CLANG_ANALYZER_NONNULL = YES;
				CLANG_ANALYZER_NUMBER_OBJECT_CONVERSION = YES_AGGRESSIVE;
				CLANG_CXX_LANGUAGE_STANDARD = "gnu++14";
				CLANG_CXX_LIBRARY = "libc++";
				CLANG_ENABLE_MODULES = YES;
				CLANG_ENABLE_OBJC_ARC = YES;
				CLANG_ENABLE_OBJC_WEAK = YES;
				CLANG_WARN_BLOCK_CAPTURE_AUTORELEASING = YES;
				CLANG_WARN_BOOL_CONVERSION = YES;
				CLANG_WARN_COMMA = YES;
				CLANG_WARN_CONSTANT_CONVERSION = YES;
				CLANG_WARN_DEPRECATED_OBJC_IMPLEMENTATIONS = YES;
				CLANG_WARN_DIRECT_OBJC_ISA_USAGE = YES_ERROR;
				CLANG_WARN_DOCUMENTATION_COMMENTS = YES;
				CLANG_WARN_EMPTY_BODY = YES;
				CLANG_WARN_ENUM_CONVERSION = YES;
				CLANG_WARN_INFINITE_RECURSION = YES;
				CLANG_WARN_INT_CONVERSION = YES;
				CLANG_WARN_NON_LITERAL_NULL_CONVERSION = YES;
				CLANG_WARN_OBJC_IMPLICIT_RETAIN_SELF = YES;
				CLANG_WARN_OBJC_LITERAL_CONVERSION = YES;
				CLANG_WARN_OBJC_ROOT_CLASS = YES_ERROR;
				CLANG_WARN_RANGE_LOOP_ANALYSIS = YES;
				CLANG_WARN_STRICT_PROTOTYPES = YES;
				CLANG_WARN_SUSPICIOUS_MOVE = YES;
				CLANG_WARN_UNGUARDED_AVAILABILITY = YES_AGGRESSIVE;
				CLANG_WARN_UNREACHABLE_CODE = YES;
				CLANG_WARN__DUPLICATE_METHOD_MATCH = YES;
				COPY_PHASE_STRIP = NO;
				DEBUG_INFORMATION_FORMAT = "dwarf-with-dsym";
				ENABLE_NS_ASSERTIONS = NO;
				ENABLE_STRICT_OBJC_MSGSEND = YES;
				GCC_C_LANGUAGE_STANDARD = gnu11;
				GCC_NO_COMMON_BLOCKS = YES;
				GCC_WARN_64_TO_32_BIT_CONVERSION = YES;
				GCC_WARN_ABOUT_RETURN_TYPE = YES_ERROR;
				GCC_WARN_UNDECLARED_SELECTOR = YES;
				GCC_WARN_UNINITIALIZED_AUTOS = YES_AGGRESSIVE;
				GCC_WARN_UNUSED_FUNCTION = YES;
				GCC_WARN_UNUSED_VARIABLE = YES;
				IPHONEOS_DEPLOYMENT_TARGET = 13.2;
				MTL_ENABLE_DEBUG_INFO = NO;
				MTL_FAST_MATH = YES;
				SDKROOT = iphoneos;
				SWIFT_COMPILATION_MODE = wholemodule;
				SWIFT_OPTIMIZATION_LEVEL = "-O";
				VALIDATE_PRODUCT = YES;
			};
			name = Release;
		};
		E8582D4E238415F4006D2406 /* Debug */ = {
			isa = XCBuildConfiguration;
			buildSettings = {
				ASSETCATALOG_COMPILER_APPICON_NAME = AppIcon;
				CODE_SIGN_STYLE = Automatic;
				DEVELOPMENT_TEAM = "";
				FRAMEWORK_SEARCH_PATHS = (
					"$(inherited)",
					"$(PROJECT_DIR)/Carthage/Build/iOS",
				);
				INFOPLIST_FILE = "learning-ios/Info.plist";
				IPHONEOS_DEPLOYMENT_TARGET = 13.2;
				LD_RUNPATH_SEARCH_PATHS = (
					"$(inherited)",
					"@executable_path/Frameworks",
				);
				PRODUCT_BUNDLE_IDENTIFIER = "keijumt.learning-ios";
				PRODUCT_NAME = "$(TARGET_NAME)";
				SWIFT_VERSION = 5.0;
				TARGETED_DEVICE_FAMILY = "1,2";
			};
			name = Debug;
		};
		E8582D4F238415F4006D2406 /* Release */ = {
			isa = XCBuildConfiguration;
			buildSettings = {
				ASSETCATALOG_COMPILER_APPICON_NAME = AppIcon;
				CODE_SIGN_STYLE = Automatic;
				DEVELOPMENT_TEAM = 3PR488S28M;
				FRAMEWORK_SEARCH_PATHS = (
					"$(inherited)",
					"$(PROJECT_DIR)/Carthage/Build/iOS",
				);
				INFOPLIST_FILE = "learning-ios/Info.plist";
				IPHONEOS_DEPLOYMENT_TARGET = 13.2;
				LD_RUNPATH_SEARCH_PATHS = (
					"$(inherited)",
					"@executable_path/Frameworks",
				);
				PRODUCT_BUNDLE_IDENTIFIER = "keijumt.learning-ios";
				PRODUCT_NAME = "$(TARGET_NAME)";
				SWIFT_VERSION = 5.0;
				TARGETED_DEVICE_FAMILY = "1,2";
			};
			name = Release;
		};
		E8582D51238415F4006D2406 /* Debug */ = {
			isa = XCBuildConfiguration;
			buildSettings = {
				ALWAYS_EMBED_SWIFT_STANDARD_LIBRARIES = YES;
				BUNDLE_LOADER = "$(TEST_HOST)";
				CODE_SIGN_STYLE = Automatic;
				DEVELOPMENT_TEAM = 3PR488S28M;
				FRAMEWORK_SEARCH_PATHS = (
					"$(inherited)",
					"$(PROJECT_DIR)/Carthage/Build/iOS",
				);
				INFOPLIST_FILE = "learning-iosTests/Info.plist";
				IPHONEOS_DEPLOYMENT_TARGET = 13.2;
				LD_RUNPATH_SEARCH_PATHS = (
					"$(inherited)",
					"@executable_path/Frameworks",
					"@loader_path/Frameworks",
				);
				PRODUCT_BUNDLE_IDENTIFIER = "keijumt.learning-iosTests";
				PRODUCT_NAME = "$(TARGET_NAME)";
				SWIFT_VERSION = 5.0;
				TARGETED_DEVICE_FAMILY = "1,2";
				TEST_HOST = "$(BUILT_PRODUCTS_DIR)/learning-ios.app/learning-ios";
			};
			name = Debug;
		};
		E8582D52238415F4006D2406 /* Release */ = {
			isa = XCBuildConfiguration;
			buildSettings = {
				ALWAYS_EMBED_SWIFT_STANDARD_LIBRARIES = YES;
				BUNDLE_LOADER = "$(TEST_HOST)";
				CODE_SIGN_STYLE = Automatic;
				DEVELOPMENT_TEAM = 3PR488S28M;
				FRAMEWORK_SEARCH_PATHS = (
					"$(inherited)",
					"$(PROJECT_DIR)/Carthage/Build/iOS",
				);
				INFOPLIST_FILE = "learning-iosTests/Info.plist";
				IPHONEOS_DEPLOYMENT_TARGET = 13.2;
				LD_RUNPATH_SEARCH_PATHS = (
					"$(inherited)",
					"@executable_path/Frameworks",
					"@loader_path/Frameworks",
				);
				PRODUCT_BUNDLE_IDENTIFIER = "keijumt.learning-iosTests";
				PRODUCT_NAME = "$(TARGET_NAME)";
				SWIFT_VERSION = 5.0;
				TARGETED_DEVICE_FAMILY = "1,2";
				TEST_HOST = "$(BUILT_PRODUCTS_DIR)/learning-ios.app/learning-ios";
			};
			name = Release;
		};
/* End XCBuildConfiguration section */

/* Begin XCConfigurationList section */
		E8582D29238415F3006D2406 /* Build configuration list for PBXProject "learning-ios" */ = {
			isa = XCConfigurationList;
			buildConfigurations = (
				E8582D4B238415F4006D2406 /* Debug */,
				E8582D4C238415F4006D2406 /* Release */,
			);
			defaultConfigurationIsVisible = 0;
			defaultConfigurationName = Release;
		};
		E8582D4D238415F4006D2406 /* Build configuration list for PBXNativeTarget "learning-ios" */ = {
			isa = XCConfigurationList;
			buildConfigurations = (
				E8582D4E238415F4006D2406 /* Debug */,
				E8582D4F238415F4006D2406 /* Release */,
			);
			defaultConfigurationIsVisible = 0;
			defaultConfigurationName = Release;
		};
		E8582D50238415F4006D2406 /* Build configuration list for PBXNativeTarget "learning-iosTests" */ = {
			isa = XCConfigurationList;
			buildConfigurations = (
				E8582D51238415F4006D2406 /* Debug */,
				E8582D52238415F4006D2406 /* Release */,
			);
			defaultConfigurationIsVisible = 0;
			defaultConfigurationName = Release;
		};
/* End XCConfigurationList section */
	};
	rootObject = E8582D26238415F3006D2406 /* Project object */;
}
